// !$*UTF8*$!
{
	archiveVersion = 1;
	classes = {
	};
	objectVersion = 51;
	objects = {

/* Begin PBXBuildFile section */
		5087A80CD2CF874A42EFB332 /* Pods_Bitwallet.framework in Frameworks */ = {isa = PBXBuildFile; fileRef = 19180AC5EC8C1530F5373876 /* Pods_Bitwallet.framework */; };
		5204F0622299C622003B34D3 /* SendViewController.swift in Sources */ = {isa = PBXBuildFile; fileRef = 5204F0612299C622003B34D3 /* SendViewController.swift */; };
		52090308228D3E4B004999BD /* GoogleService-Info.plist in Resources */ = {isa = PBXBuildFile; fileRef = 52090307228D3E4B004999BD /* GoogleService-Info.plist */; };
		5209030A228D45A0004999BD /* SignUpViewController.swift in Sources */ = {isa = PBXBuildFile; fileRef = 52090309228D45A0004999BD /* SignUpViewController.swift */; };
		5209030D228D654E004999BD /* Firebase.swift in Sources */ = {isa = PBXBuildFile; fileRef = 5209030C228D654E004999BD /* Firebase.swift */; };
		5220AECF229A5E9E00D0988D /* ScanQRCodeViewController.swift in Sources */ = {isa = PBXBuildFile; fileRef = 5220AECE229A5E9E00D0988D /* ScanQRCodeViewController.swift */; };
		5229D486229875510077E821 /* Design.swift in Sources */ = {isa = PBXBuildFile; fileRef = 5229D485229875510077E821 /* Design.swift */; };
		5241918B2281689F00135FA6 /* AppDelegate.swift in Sources */ = {isa = PBXBuildFile; fileRef = 5241918A2281689F00135FA6 /* AppDelegate.swift */; };
		5241918D2281689F00135FA6 /* ViewController.swift in Sources */ = {isa = PBXBuildFile; fileRef = 5241918C2281689F00135FA6 /* ViewController.swift */; };
		524191902281689F00135FA6 /* Main.storyboard in Resources */ = {isa = PBXBuildFile; fileRef = 5241918E2281689F00135FA6 /* Main.storyboard */; };
		52419192228168A000135FA6 /* Assets.xcassets in Resources */ = {isa = PBXBuildFile; fileRef = 52419191228168A000135FA6 /* Assets.xcassets */; };
		52419195228168A000135FA6 /* LaunchScreen.storyboard in Resources */ = {isa = PBXBuildFile; fileRef = 52419193228168A000135FA6 /* LaunchScreen.storyboard */; };
		524191A0228168A000135FA6 /* BitwalletTests.swift in Sources */ = {isa = PBXBuildFile; fileRef = 5241919F228168A000135FA6 /* BitwalletTests.swift */; };
		524191AB228168A000135FA6 /* BitwalletUITests.swift in Sources */ = {isa = PBXBuildFile; fileRef = 524191AA228168A000135FA6 /* BitwalletUITests.swift */; };
		524191BD22817D8B00135FA6 /* LogInViewController.swift in Sources */ = {isa = PBXBuildFile; fileRef = 524191BC22817D8B00135FA6 /* LogInViewController.swift */; };
		524191BF2281A4EF00135FA6 /* MainViewController.swift in Sources */ = {isa = PBXBuildFile; fileRef = 524191BE2281A4EF00135FA6 /* MainViewController.swift */; };
		528362BE22845EA400C15B9C /* TransactionsViewController.swift in Sources */ = {isa = PBXBuildFile; fileRef = 528362BD22845EA400C15B9C /* TransactionsViewController.swift */; };
		528362C42284804900C15B9C /* TransactionsCell.xib in Resources */ = {isa = PBXBuildFile; fileRef = 528362C32284804900C15B9C /* TransactionsCell.xib */; };
		52E907E222842D3600398FF6 /* CollectionViewCell.swift in Sources */ = {isa = PBXBuildFile; fileRef = 52E907E122842D3600398FF6 /* CollectionViewCell.swift */; };
		52E907E422844F7C00398FF6 /* ReceiveViewController.swift in Sources */ = {isa = PBXBuildFile; fileRef = 52E907E322844F7C00398FF6 /* ReceiveViewController.swift */; };
		C338E11D364619156E63C01E /* Pods_BitwalletTests.framework in Frameworks */ = {isa = PBXBuildFile; fileRef = 40B7FE06B6E386DA880F92EF /* Pods_BitwalletTests.framework */; };
/* End PBXBuildFile section */

/* Begin PBXContainerItemProxy section */
		5241919C228168A000135FA6 /* PBXContainerItemProxy */ = {
			isa = PBXContainerItemProxy;
			containerPortal = 5241917F2281689F00135FA6 /* Project object */;
			proxyType = 1;
			remoteGlobalIDString = 524191862281689F00135FA6;
			remoteInfo = Bitwallet;
		};
		524191A7228168A000135FA6 /* PBXContainerItemProxy */ = {
			isa = PBXContainerItemProxy;
			containerPortal = 5241917F2281689F00135FA6 /* Project object */;
			proxyType = 1;
			remoteGlobalIDString = 524191862281689F00135FA6;
			remoteInfo = Bitwallet;
		};
/* End PBXContainerItemProxy section */

/* Begin PBXFileReference section */
		19180AC5EC8C1530F5373876 /* Pods_Bitwallet.framework */ = {isa = PBXFileReference; explicitFileType = wrapper.framework; includeInIndex = 0; path = Pods_Bitwallet.framework; sourceTree = BUILT_PRODUCTS_DIR; };
		2269F16F18E28263B259AEDC /* Pods-Bitwallet.debug.xcconfig */ = {isa = PBXFileReference; includeInIndex = 1; lastKnownFileType = text.xcconfig; name = "Pods-Bitwallet.debug.xcconfig"; path = "Target Support Files/Pods-Bitwallet/Pods-Bitwallet.debug.xcconfig"; sourceTree = "<group>"; };
		40B7FE06B6E386DA880F92EF /* Pods_BitwalletTests.framework */ = {isa = PBXFileReference; explicitFileType = wrapper.framework; includeInIndex = 0; path = Pods_BitwalletTests.framework; sourceTree = BUILT_PRODUCTS_DIR; };
		5204F0612299C622003B34D3 /* SendViewController.swift */ = {isa = PBXFileReference; lastKnownFileType = sourcecode.swift; path = SendViewController.swift; sourceTree = "<group>"; };
		52090307228D3E4B004999BD /* GoogleService-Info.plist */ = {isa = PBXFileReference; fileEncoding = 4; lastKnownFileType = text.plist.xml; path = "GoogleService-Info.plist"; sourceTree = "<group>"; };
		52090309228D45A0004999BD /* SignUpViewController.swift */ = {isa = PBXFileReference; lastKnownFileType = sourcecode.swift; path = SignUpViewController.swift; sourceTree = "<group>"; };
		5209030C228D654E004999BD /* Firebase.swift */ = {isa = PBXFileReference; lastKnownFileType = sourcecode.swift; path = Firebase.swift; sourceTree = "<group>"; };
		5220AECE229A5E9E00D0988D /* ScanQRCodeViewController.swift */ = {isa = PBXFileReference; lastKnownFileType = sourcecode.swift; path = ScanQRCodeViewController.swift; sourceTree = "<group>"; };
		5229D485229875510077E821 /* Design.swift */ = {isa = PBXFileReference; lastKnownFileType = sourcecode.swift; path = Design.swift; sourceTree = "<group>"; };
		524191872281689F00135FA6 /* Bitwallet.app */ = {isa = PBXFileReference; explicitFileType = wrapper.application; includeInIndex = 0; path = Bitwallet.app; sourceTree = BUILT_PRODUCTS_DIR; };
		5241918A2281689F00135FA6 /* AppDelegate.swift */ = {isa = PBXFileReference; lastKnownFileType = sourcecode.swift; path = AppDelegate.swift; sourceTree = "<group>"; };
		5241918C2281689F00135FA6 /* ViewController.swift */ = {isa = PBXFileReference; lastKnownFileType = sourcecode.swift; path = ViewController.swift; sourceTree = "<group>"; };
		5241918F2281689F00135FA6 /* Base */ = {isa = PBXFileReference; lastKnownFileType = file.storyboard; name = Base; path = Base.lproj/Main.storyboard; sourceTree = "<group>"; };
		52419191228168A000135FA6 /* Assets.xcassets */ = {isa = PBXFileReference; lastKnownFileType = folder.assetcatalog; path = Assets.xcassets; sourceTree = "<group>"; };
		52419194228168A000135FA6 /* Base */ = {isa = PBXFileReference; lastKnownFileType = file.storyboard; name = Base; path = Base.lproj/LaunchScreen.storyboard; sourceTree = "<group>"; };
		52419196228168A000135FA6 /* Info.plist */ = {isa = PBXFileReference; lastKnownFileType = text.plist.xml; path = Info.plist; sourceTree = "<group>"; };
		5241919B228168A000135FA6 /* BitwalletTests.xctest */ = {isa = PBXFileReference; explicitFileType = wrapper.cfbundle; includeInIndex = 0; path = BitwalletTests.xctest; sourceTree = BUILT_PRODUCTS_DIR; };
		5241919F228168A000135FA6 /* BitwalletTests.swift */ = {isa = PBXFileReference; lastKnownFileType = sourcecode.swift; path = BitwalletTests.swift; sourceTree = "<group>"; };
		524191A1228168A000135FA6 /* Info.plist */ = {isa = PBXFileReference; lastKnownFileType = text.plist.xml; path = Info.plist; sourceTree = "<group>"; };
		524191A6228168A000135FA6 /* BitwalletUITests.xctest */ = {isa = PBXFileReference; explicitFileType = wrapper.cfbundle; includeInIndex = 0; path = BitwalletUITests.xctest; sourceTree = BUILT_PRODUCTS_DIR; };
		524191AA228168A000135FA6 /* BitwalletUITests.swift */ = {isa = PBXFileReference; lastKnownFileType = sourcecode.swift; path = BitwalletUITests.swift; sourceTree = "<group>"; };
		524191AC228168A000135FA6 /* Info.plist */ = {isa = PBXFileReference; lastKnownFileType = text.plist.xml; path = Info.plist; sourceTree = "<group>"; };
		524191BC22817D8B00135FA6 /* LogInViewController.swift */ = {isa = PBXFileReference; lastKnownFileType = sourcecode.swift; path = LogInViewController.swift; sourceTree = "<group>"; };
		524191BE2281A4EF00135FA6 /* MainViewController.swift */ = {isa = PBXFileReference; lastKnownFileType = sourcecode.swift; path = MainViewController.swift; sourceTree = "<group>"; };
		528362BD22845EA400C15B9C /* TransactionsViewController.swift */ = {isa = PBXFileReference; lastKnownFileType = sourcecode.swift; path = TransactionsViewController.swift; sourceTree = "<group>"; };
		528362C32284804900C15B9C /* TransactionsCell.xib */ = {isa = PBXFileReference; lastKnownFileType = file.xib; path = TransactionsCell.xib; sourceTree = "<group>"; };
		52E907E122842D3600398FF6 /* CollectionViewCell.swift */ = {isa = PBXFileReference; lastKnownFileType = sourcecode.swift; path = CollectionViewCell.swift; sourceTree = "<group>"; };
		52E907E322844F7C00398FF6 /* ReceiveViewController.swift */ = {isa = PBXFileReference; lastKnownFileType = sourcecode.swift; path = ReceiveViewController.swift; sourceTree = "<group>"; };
		599973E67B75A09F74B554E5 /* Pods-BitwalletTests.debug.xcconfig */ = {isa = PBXFileReference; includeInIndex = 1; lastKnownFileType = text.xcconfig; name = "Pods-BitwalletTests.debug.xcconfig"; path = "Target Support Files/Pods-BitwalletTests/Pods-BitwalletTests.debug.xcconfig"; sourceTree = "<group>"; };
		6514169FB2BF0972CC9870EA /* Pods-Bitwallet.release.xcconfig */ = {isa = PBXFileReference; includeInIndex = 1; lastKnownFileType = text.xcconfig; name = "Pods-Bitwallet.release.xcconfig"; path = "Target Support Files/Pods-Bitwallet/Pods-Bitwallet.release.xcconfig"; sourceTree = "<group>"; };
		7549F6413D6B997BB9835B9E /* Pods-BitwalletTests.release.xcconfig */ = {isa = PBXFileReference; includeInIndex = 1; lastKnownFileType = text.xcconfig; name = "Pods-BitwalletTests.release.xcconfig"; path = "Target Support Files/Pods-BitwalletTests/Pods-BitwalletTests.release.xcconfig"; sourceTree = "<group>"; };
/* End PBXFileReference section */

/* Begin PBXFrameworksBuildPhase section */
		524191842281689F00135FA6 /* Frameworks */ = {
			isa = PBXFrameworksBuildPhase;
			buildActionMask = 2147483647;
			files = (
				5087A80CD2CF874A42EFB332 /* Pods_Bitwallet.framework in Frameworks */,
			);
			runOnlyForDeploymentPostprocessing = 0;
		};
		52419198228168A000135FA6 /* Frameworks */ = {
			isa = PBXFrameworksBuildPhase;
			buildActionMask = 2147483647;
			files = (
				C338E11D364619156E63C01E /* Pods_BitwalletTests.framework in Frameworks */,
			);
			runOnlyForDeploymentPostprocessing = 0;
		};
		524191A3228168A000135FA6 /* Frameworks */ = {
			isa = PBXFrameworksBuildPhase;
			buildActionMask = 2147483647;
			files = (
			);
			runOnlyForDeploymentPostprocessing = 0;
		};
/* End PBXFrameworksBuildPhase section */

/* Begin PBXGroup section */
		5209030B228D653B004999BD /* Extensions */ = {
			isa = PBXGroup;
			children = (
				5209030C228D654E004999BD /* Firebase.swift */,
				5229D485229875510077E821 /* Design.swift */,
			);
			path = Extensions;
			sourceTree = "<group>";
		};
		5241917E2281689F00135FA6 = {
			isa = PBXGroup;
			children = (
				524191892281689F00135FA6 /* Bitwallet */,
				5241919E228168A000135FA6 /* BitwalletTests */,
				524191A9228168A000135FA6 /* BitwalletUITests */,
				524191882281689F00135FA6 /* Products */,
				A1564A3990F8C33BFD235EA0 /* Frameworks */,
				D838D7467DB107935E3E73C1 /* Pods */,
			);
			sourceTree = "<group>";
		};
		524191882281689F00135FA6 /* Products */ = {
			isa = PBXGroup;
			children = (
				524191872281689F00135FA6 /* Bitwallet.app */,
				5241919B228168A000135FA6 /* BitwalletTests.xctest */,
				524191A6228168A000135FA6 /* BitwalletUITests.xctest */,
			);
			name = Products;
			sourceTree = "<group>";
		};
		524191892281689F00135FA6 /* Bitwallet */ = {
			isa = PBXGroup;
			children = (
				5209030B228D653B004999BD /* Extensions */,
				52090307228D3E4B004999BD /* GoogleService-Info.plist */,
				5241918A2281689F00135FA6 /* AppDelegate.swift */,
				5241918C2281689F00135FA6 /* ViewController.swift */,
				528362C32284804900C15B9C /* TransactionsCell.xib */,
				5241918E2281689F00135FA6 /* Main.storyboard */,
				528362BD22845EA400C15B9C /* TransactionsViewController.swift */,
				52E907E122842D3600398FF6 /* CollectionViewCell.swift */,
				52419191228168A000135FA6 /* Assets.xcassets */,
				52419193228168A000135FA6 /* LaunchScreen.storyboard */,
				52419196228168A000135FA6 /* Info.plist */,
				524191BC22817D8B00135FA6 /* LogInViewController.swift */,
				524191BE2281A4EF00135FA6 /* MainViewController.swift */,
				52E907E322844F7C00398FF6 /* ReceiveViewController.swift */,
				52090309228D45A0004999BD /* SignUpViewController.swift */,
				5204F0612299C622003B34D3 /* SendViewController.swift */,
				5220AECE229A5E9E00D0988D /* ScanQRCodeViewController.swift */,
			);
			path = Bitwallet;
			sourceTree = "<group>";
		};
		5241919E228168A000135FA6 /* BitwalletTests */ = {
			isa = PBXGroup;
			children = (
				5241919F228168A000135FA6 /* BitwalletTests.swift */,
				524191A1228168A000135FA6 /* Info.plist */,
			);
			path = BitwalletTests;
			sourceTree = "<group>";
		};
		524191A9228168A000135FA6 /* BitwalletUITests */ = {
			isa = PBXGroup;
			children = (
				524191AA228168A000135FA6 /* BitwalletUITests.swift */,
				524191AC228168A000135FA6 /* Info.plist */,
			);
			path = BitwalletUITests;
			sourceTree = "<group>";
		};
		A1564A3990F8C33BFD235EA0 /* Frameworks */ = {
			isa = PBXGroup;
			children = (
				19180AC5EC8C1530F5373876 /* Pods_Bitwallet.framework */,
				40B7FE06B6E386DA880F92EF /* Pods_BitwalletTests.framework */,
			);
			name = Frameworks;
			sourceTree = "<group>";
		};
		D838D7467DB107935E3E73C1 /* Pods */ = {
			isa = PBXGroup;
			children = (
				2269F16F18E28263B259AEDC /* Pods-Bitwallet.debug.xcconfig */,
				6514169FB2BF0972CC9870EA /* Pods-Bitwallet.release.xcconfig */,
				599973E67B75A09F74B554E5 /* Pods-BitwalletTests.debug.xcconfig */,
				7549F6413D6B997BB9835B9E /* Pods-BitwalletTests.release.xcconfig */,
			);
			path = Pods;
			sourceTree = "<group>";
		};
/* End PBXGroup section */

/* Begin PBXNativeTarget section */
		524191862281689F00135FA6 /* Bitwallet */ = {
			isa = PBXNativeTarget;
			buildConfigurationList = 524191AF228168A000135FA6 /* Build configuration list for PBXNativeTarget "Bitwallet" */;
			buildPhases = (
				E6DDD9B447C780FE7E2CFEF1 /* [CP] Check Pods Manifest.lock */,
				524191832281689F00135FA6 /* Sources */,
				524191842281689F00135FA6 /* Frameworks */,
				524191852281689F00135FA6 /* Resources */,
				26EB107B42E36381D6BBEAB3 /* [CP] Embed Pods Frameworks */,
				5269155E22968A180044FDF2 /* ShellScript */,
			);
			buildRules = (
			);
			dependencies = (
			);
			name = Bitwallet;
			productName = Bitwallet;
			productReference = 524191872281689F00135FA6 /* Bitwallet.app */;
			productType = "com.apple.product-type.application";
		};
		5241919A228168A000135FA6 /* BitwalletTests */ = {
			isa = PBXNativeTarget;
			buildConfigurationList = 524191B2228168A000135FA6 /* Build configuration list for PBXNativeTarget "BitwalletTests" */;
			buildPhases = (
				2A45EF5EC531AF681848F594 /* [CP] Check Pods Manifest.lock */,
				52419197228168A000135FA6 /* Sources */,
				52419198228168A000135FA6 /* Frameworks */,
				52419199228168A000135FA6 /* Resources */,
			);
			buildRules = (
			);
			dependencies = (
				5241919D228168A000135FA6 /* PBXTargetDependency */,
			);
			name = BitwalletTests;
			productName = BitwalletTests;
			productReference = 5241919B228168A000135FA6 /* BitwalletTests.xctest */;
			productType = "com.apple.product-type.bundle.unit-test";
		};
		524191A5228168A000135FA6 /* BitwalletUITests */ = {
			isa = PBXNativeTarget;
			buildConfigurationList = 524191B5228168A000135FA6 /* Build configuration list for PBXNativeTarget "BitwalletUITests" */;
			buildPhases = (
				524191A2228168A000135FA6 /* Sources */,
				524191A3228168A000135FA6 /* Frameworks */,
				524191A4228168A000135FA6 /* Resources */,
			);
			buildRules = (
			);
			dependencies = (
				524191A8228168A000135FA6 /* PBXTargetDependency */,
			);
			name = BitwalletUITests;
			productName = BitwalletUITests;
			productReference = 524191A6228168A000135FA6 /* BitwalletUITests.xctest */;
			productType = "com.apple.product-type.bundle.ui-testing";
		};
/* End PBXNativeTarget section */

/* Begin PBXProject section */
		5241917F2281689F00135FA6 /* Project object */ = {
			isa = PBXProject;
			attributes = {
				LastSwiftUpdateCheck = 1020;
				LastUpgradeCheck = 1020;
				ORGANIZATIONNAME = "Misha Kushka";
				TargetAttributes = {
					524191862281689F00135FA6 = {
						CreatedOnToolsVersion = 10.2.1;
					};
					5241919A228168A000135FA6 = {
						CreatedOnToolsVersion = 10.2.1;
						TestTargetID = 524191862281689F00135FA6;
					};
					524191A5228168A000135FA6 = {
						CreatedOnToolsVersion = 10.2.1;
						TestTargetID = 524191862281689F00135FA6;
					};
				};
			};
			buildConfigurationList = 524191822281689F00135FA6 /* Build configuration list for PBXProject "Bitwallet" */;
			compatibilityVersion = "Xcode 9.3";
			developmentRegion = en;
			hasScannedForEncodings = 0;
			knownRegions = (
				en,
				Base,
			);
			mainGroup = 5241917E2281689F00135FA6;
			productRefGroup = 524191882281689F00135FA6 /* Products */;
			projectDirPath = "";
			projectRoot = "";
			targets = (
				524191862281689F00135FA6 /* Bitwallet */,
				5241919A228168A000135FA6 /* BitwalletTests */,
				524191A5228168A000135FA6 /* BitwalletUITests */,
			);
		};
/* End PBXProject section */

/* Begin PBXResourcesBuildPhase section */
		524191852281689F00135FA6 /* Resources */ = {
			isa = PBXResourcesBuildPhase;
			buildActionMask = 2147483647;
			files = (
				52419195228168A000135FA6 /* LaunchScreen.storyboard in Resources */,
				528362C42284804900C15B9C /* TransactionsCell.xib in Resources */,
				52090308228D3E4B004999BD /* GoogleService-Info.plist in Resources */,
				52419192228168A000135FA6 /* Assets.xcassets in Resources */,
				524191902281689F00135FA6 /* Main.storyboard in Resources */,
			);
			runOnlyForDeploymentPostprocessing = 0;
		};
		52419199228168A000135FA6 /* Resources */ = {
			isa = PBXResourcesBuildPhase;
			buildActionMask = 2147483647;
			files = (
			);
			runOnlyForDeploymentPostprocessing = 0;
		};
		524191A4228168A000135FA6 /* Resources */ = {
			isa = PBXResourcesBuildPhase;
			buildActionMask = 2147483647;
			files = (
			);
			runOnlyForDeploymentPostprocessing = 0;
		};
/* End PBXResourcesBuildPhase section */

/* Begin PBXShellScriptBuildPhase section */
		26EB107B42E36381D6BBEAB3 /* [CP] Embed Pods Frameworks */ = {
			isa = PBXShellScriptBuildPhase;
			buildActionMask = 2147483647;
			files = (
			);
			inputFileListPaths = (
				"${PODS_ROOT}/Target Support Files/Pods-Bitwallet/Pods-Bitwallet-frameworks-${CONFIGURATION}-input-files.xcfilelist",
			);
			name = "[CP] Embed Pods Frameworks";
			outputFileListPaths = (
				"${PODS_ROOT}/Target Support Files/Pods-Bitwallet/Pods-Bitwallet-frameworks-${CONFIGURATION}-output-files.xcfilelist",
			);
			runOnlyForDeploymentPostprocessing = 0;
			shellPath = /bin/sh;
			shellScript = "\"${PODS_ROOT}/Target Support Files/Pods-Bitwallet/Pods-Bitwallet-frameworks.sh\"\n";
			showEnvVarsInLog = 0;
		};
		2A45EF5EC531AF681848F594 /* [CP] Check Pods Manifest.lock */ = {
			isa = PBXShellScriptBuildPhase;
			buildActionMask = 2147483647;
			files = (
			);
			inputFileListPaths = (
			);
			inputPaths = (
				"${PODS_PODFILE_DIR_PATH}/Podfile.lock",
				"${PODS_ROOT}/Manifest.lock",
			);
			name = "[CP] Check Pods Manifest.lock";
			outputFileListPaths = (
			);
			outputPaths = (
				"$(DERIVED_FILE_DIR)/Pods-BitwalletTests-checkManifestLockResult.txt",
			);
			runOnlyForDeploymentPostprocessing = 0;
			shellPath = /bin/sh;
			shellScript = "diff \"${PODS_PODFILE_DIR_PATH}/Podfile.lock\" \"${PODS_ROOT}/Manifest.lock\" > /dev/null\nif [ $? != 0 ] ; then\n    # print error to STDERR\n    echo \"error: The sandbox is not in sync with the Podfile.lock. Run 'pod install' or update your CocoaPods installation.\" >&2\n    exit 1\nfi\n# This output is used by Xcode 'outputs' to avoid re-running this script phase.\necho \"SUCCESS\" > \"${SCRIPT_OUTPUT_FILE_0}\"\n";
			showEnvVarsInLog = 0;
		};
		5269155E22968A180044FDF2 /* ShellScript */ = {
			isa = PBXShellScriptBuildPhase;
			buildActionMask = 2147483647;
			files = (
			);
			inputFileListPaths = (
			);
			inputPaths = (
			);
			outputFileListPaths = (
			);
			outputPaths = (
			);
			runOnlyForDeploymentPostprocessing = 0;
			shellPath = /bin/sh;
			shellScript = "#\"${PODS_ROOT}/SwiftLint/swiftlint\"\n";
			showEnvVarsInLog = 0;
		};
		E6DDD9B447C780FE7E2CFEF1 /* [CP] Check Pods Manifest.lock */ = {
			isa = PBXShellScriptBuildPhase;
			buildActionMask = 2147483647;
			files = (
			);
			inputFileListPaths = (
			);
			inputPaths = (
				"${PODS_PODFILE_DIR_PATH}/Podfile.lock",
				"${PODS_ROOT}/Manifest.lock",
			);
			name = "[CP] Check Pods Manifest.lock";
			outputFileListPaths = (
			);
			outputPaths = (
				"$(DERIVED_FILE_DIR)/Pods-Bitwallet-checkManifestLockResult.txt",
			);
			runOnlyForDeploymentPostprocessing = 0;
			shellPath = /bin/sh;
			shellScript = "diff \"${PODS_PODFILE_DIR_PATH}/Podfile.lock\" \"${PODS_ROOT}/Manifest.lock\" > /dev/null\nif [ $? != 0 ] ; then\n    # print error to STDERR\n    echo \"error: The sandbox is not in sync with the Podfile.lock. Run 'pod install' or update your CocoaPods installation.\" >&2\n    exit 1\nfi\n# This output is used by Xcode 'outputs' to avoid re-running this script phase.\necho \"SUCCESS\" > \"${SCRIPT_OUTPUT_FILE_0}\"\n";
			showEnvVarsInLog = 0;
		};
/* End PBXShellScriptBuildPhase section */

/* Begin PBXSourcesBuildPhase section */
		524191832281689F00135FA6 /* Sources */ = {
			isa = PBXSourcesBuildPhase;
			buildActionMask = 2147483647;
			files = (
				528362BE22845EA400C15B9C /* TransactionsViewController.swift in Sources */,
				52E907E222842D3600398FF6 /* CollectionViewCell.swift in Sources */,
				5209030A228D45A0004999BD /* SignUpViewController.swift in Sources */,
				5241918D2281689F00135FA6 /* ViewController.swift in Sources */,
				5241918B2281689F00135FA6 /* AppDelegate.swift in Sources */,
				524191BD22817D8B00135FA6 /* LogInViewController.swift in Sources */,
				5209030D228D654E004999BD /* Firebase.swift in Sources */,
				52E907E422844F7C00398FF6 /* ReceiveViewController.swift in Sources */,
				5204F0622299C622003B34D3 /* SendViewController.swift in Sources */,
				524191BF2281A4EF00135FA6 /* MainViewController.swift in Sources */,
				5229D486229875510077E821 /* Design.swift in Sources */,
				5220AECF229A5E9E00D0988D /* ScanQRCodeViewController.swift in Sources */,
			);
			runOnlyForDeploymentPostprocessing = 0;
		};
		52419197228168A000135FA6 /* Sources */ = {
			isa = PBXSourcesBuildPhase;
			buildActionMask = 2147483647;
			files = (
				524191A0228168A000135FA6 /* BitwalletTests.swift in Sources */,
			);
			runOnlyForDeploymentPostprocessing = 0;
		};
		524191A2228168A000135FA6 /* Sources */ = {
			isa = PBXSourcesBuildPhase;
			buildActionMask = 2147483647;
			files = (
				524191AB228168A000135FA6 /* BitwalletUITests.swift in Sources */,
			);
			runOnlyForDeploymentPostprocessing = 0;
		};
/* End PBXSourcesBuildPhase section */

/* Begin PBXTargetDependency section */
		5241919D228168A000135FA6 /* PBXTargetDependency */ = {
			isa = PBXTargetDependency;
			target = 524191862281689F00135FA6 /* Bitwallet */;
			targetProxy = 5241919C228168A000135FA6 /* PBXContainerItemProxy */;
		};
		524191A8228168A000135FA6 /* PBXTargetDependency */ = {
			isa = PBXTargetDependency;
			target = 524191862281689F00135FA6 /* Bitwallet */;
			targetProxy = 524191A7228168A000135FA6 /* PBXContainerItemProxy */;
		};
/* End PBXTargetDependency section */

/* Begin PBXVariantGroup section */
		5241918E2281689F00135FA6 /* Main.storyboard */ = {
			isa = PBXVariantGroup;
			children = (
				5241918F2281689F00135FA6 /* Base */,
			);
			name = Main.storyboard;
			sourceTree = "<group>";
		};
		52419193228168A000135FA6 /* LaunchScreen.storyboard */ = {
			isa = PBXVariantGroup;
			children = (
				52419194228168A000135FA6 /* Base */,
			);
			name = LaunchScreen.storyboard;
			sourceTree = "<group>";
		};
/* End PBXVariantGroup section */

/* Begin XCBuildConfiguration section */
		524191AD228168A000135FA6 /* Debug */ = {
			isa = XCBuildConfiguration;
			buildSettings = {
				ALWAYS_SEARCH_USER_PATHS = NO;
				CLANG_ANALYZER_NONNULL = YES;
				CLANG_ANALYZER_NUMBER_OBJECT_CONVERSION = YES_AGGRESSIVE;
				CLANG_CXX_LANGUAGE_STANDARD = "gnu++14";
				CLANG_CXX_LIBRARY = "libc++";
				CLANG_ENABLE_MODULES = YES;
				CLANG_ENABLE_OBJC_ARC = YES;
				CLANG_ENABLE_OBJC_WEAK = YES;
				CLANG_WARN_BLOCK_CAPTURE_AUTORELEASING = YES;
				CLANG_WARN_BOOL_CONVERSION = YES;
				CLANG_WARN_COMMA = YES;
				CLANG_WARN_CONSTANT_CONVERSION = YES;
				CLANG_WARN_DEPRECATED_OBJC_IMPLEMENTATIONS = YES;
				CLANG_WARN_DIRECT_OBJC_ISA_USAGE = YES_ERROR;
				CLANG_WARN_DOCUMENTATION_COMMENTS = YES;
				CLANG_WARN_EMPTY_BODY = YES;
				CLANG_WARN_ENUM_CONVERSION = YES;
				CLANG_WARN_INFINITE_RECURSION = YES;
				CLANG_WARN_INT_CONVERSION = YES;
				CLANG_WARN_NON_LITERAL_NULL_CONVERSION = YES;
				CLANG_WARN_OBJC_IMPLICIT_RETAIN_SELF = YES;
				CLANG_WARN_OBJC_LITERAL_CONVERSION = YES;
				CLANG_WARN_OBJC_ROOT_CLASS = YES_ERROR;
				CLANG_WARN_RANGE_LOOP_ANALYSIS = YES;
				CLANG_WARN_STRICT_PROTOTYPES = YES;
				CLANG_WARN_SUSPICIOUS_MOVE = YES;
				CLANG_WARN_UNGUARDED_AVAILABILITY = YES_AGGRESSIVE;
				CLANG_WARN_UNREACHABLE_CODE = YES;
				CLANG_WARN__DUPLICATE_METHOD_MATCH = YES;
				CODE_SIGN_IDENTITY = "iPhone Developer";
				COPY_PHASE_STRIP = NO;
				DEBUG_INFORMATION_FORMAT = dwarf;
				ENABLE_STRICT_OBJC_MSGSEND = YES;
				ENABLE_TESTABILITY = YES;
				GCC_C_LANGUAGE_STANDARD = gnu11;
				GCC_DYNAMIC_NO_PIC = NO;
				GCC_NO_COMMON_BLOCKS = YES;
				GCC_OPTIMIZATION_LEVEL = 0;
				GCC_PREPROCESSOR_DEFINITIONS = (
					"DEBUG=1",
					"$(inherited)",
				);
				GCC_WARN_64_TO_32_BIT_CONVERSION = YES;
				GCC_WARN_ABOUT_RETURN_TYPE = YES_ERROR;
				GCC_WARN_UNDECLARED_SELECTOR = YES;
				GCC_WARN_UNINITIALIZED_AUTOS = YES_AGGRESSIVE;
				GCC_WARN_UNUSED_FUNCTION = YES;
				GCC_WARN_UNUSED_VARIABLE = YES;
				IPHONEOS_DEPLOYMENT_TARGET = 12.2;
				MTL_ENABLE_DEBUG_INFO = INCLUDE_SOURCE;
				MTL_FAST_MATH = YES;
				ONLY_ACTIVE_ARCH = YES;
				SDKROOT = iphoneos;
				SWIFT_ACTIVE_COMPILATION_CONDITIONS = DEBUG;
				SWIFT_OPTIMIZATION_LEVEL = "-Onone";
			};
			name = Debug;
		};
		524191AE228168A000135FA6 /* Release */ = {
			isa = XCBuildConfiguration;
			buildSettings = {
				ALWAYS_SEARCH_USER_PATHS = NO;
				CLANG_ANALYZER_NONNULL = YES;
				CLANG_ANALYZER_NUMBER_OBJECT_CONVERSION = YES_AGGRESSIVE;
				CLANG_CXX_LANGUAGE_STANDARD = "gnu++14";
				CLANG_CXX_LIBRARY = "libc++";
				CLANG_ENABLE_MODULES = YES;
				CLANG_ENABLE_OBJC_ARC = YES;
				CLANG_ENABLE_OBJC_WEAK = YES;
				CLANG_WARN_BLOCK_CAPTURE_AUTORELEASING = YES;
				CLANG_WARN_BOOL_CONVERSION = YES;
				CLANG_WARN_COMMA = YES;
				CLANG_WARN_CONSTANT_CONVERSION = YES;
				CLANG_WARN_DEPRECATED_OBJC_IMPLEMENTATIONS = YES;
				CLANG_WARN_DIRECT_OBJC_ISA_USAGE = YES_ERROR;
				CLANG_WARN_DOCUMENTATION_COMMENTS = YES;
				CLANG_WARN_EMPTY_BODY = YES;
				CLANG_WARN_ENUM_CONVERSION = YES;
				CLANG_WARN_INFINITE_RECURSION = YES;
				CLANG_WARN_INT_CONVERSION = YES;
				CLANG_WARN_NON_LITERAL_NULL_CONVERSION = YES;
				CLANG_WARN_OBJC_IMPLICIT_RETAIN_SELF = YES;
				CLANG_WARN_OBJC_LITERAL_CONVERSION = YES;
				CLANG_WARN_OBJC_ROOT_CLASS = YES_ERROR;
				CLANG_WARN_RANGE_LOOP_ANALYSIS = YES;
				CLANG_WARN_STRICT_PROTOTYPES = YES;
				CLANG_WARN_SUSPICIOUS_MOVE = YES;
				CLANG_WARN_UNGUARDED_AVAILABILITY = YES_AGGRESSIVE;
				CLANG_WARN_UNREACHABLE_CODE = YES;
				CLANG_WARN__DUPLICATE_METHOD_MATCH = YES;
				CODE_SIGN_IDENTITY = "iPhone Developer";
				COPY_PHASE_STRIP = NO;
				DEBUG_INFORMATION_FORMAT = "dwarf-with-dsym";
				ENABLE_NS_ASSERTIONS = NO;
				ENABLE_STRICT_OBJC_MSGSEND = YES;
				GCC_C_LANGUAGE_STANDARD = gnu11;
				GCC_NO_COMMON_BLOCKS = YES;
				GCC_WARN_64_TO_32_BIT_CONVERSION = YES;
				GCC_WARN_ABOUT_RETURN_TYPE = YES_ERROR;
				GCC_WARN_UNDECLARED_SELECTOR = YES;
				GCC_WARN_UNINITIALIZED_AUTOS = YES_AGGRESSIVE;
				GCC_WARN_UNUSED_FUNCTION = YES;
				GCC_WARN_UNUSED_VARIABLE = YES;
				IPHONEOS_DEPLOYMENT_TARGET = 12.2;
				MTL_ENABLE_DEBUG_INFO = NO;
				MTL_FAST_MATH = YES;
				SDKROOT = iphoneos;
				SWIFT_COMPILATION_MODE = wholemodule;
				SWIFT_OPTIMIZATION_LEVEL = "-O";
				VALIDATE_PRODUCT = YES;
			};
			name = Release;
		};
		524191B0228168A000135FA6 /* Debug */ = {
			isa = XCBuildConfiguration;
			baseConfigurationReference = 2269F16F18E28263B259AEDC /* Pods-Bitwallet.debug.xcconfig */;
			buildSettings = {
				ASSETCATALOG_COMPILER_APPICON_NAME = AppIcon;
				CODE_SIGN_STYLE = Automatic;
				DEVELOPMENT_TEAM = 9P5NG74SNG;
				INFOPLIST_FILE = Bitwallet/Info.plist;
				LD_RUNPATH_SEARCH_PATHS = (
					"$(inherited)",
					"@executable_path/Frameworks",
				);
				PRODUCT_BUNDLE_IDENTIFIER = "Misha-Kushka.Bitwallet";
				PRODUCT_NAME = "$(TARGET_NAME)";
				SWIFT_VERSION = 5.0;
				TARGETED_DEVICE_FAMILY = "1,2";
			};
			name = Debug;
		};
		524191B1228168A000135FA6 /* Release */ = {
			isa = XCBuildConfiguration;
			baseConfigurationReference = 6514169FB2BF0972CC9870EA /* Pods-Bitwallet.release.xcconfig */;
			buildSettings = {
				ASSETCATALOG_COMPILER_APPICON_NAME = AppIcon;
				CODE_SIGN_STYLE = Automatic;
				DEVELOPMENT_TEAM = 9P5NG74SNG;
				INFOPLIST_FILE = Bitwallet/Info.plist;
				LD_RUNPATH_SEARCH_PATHS = (
					"$(inherited)",
					"@executable_path/Frameworks",
				);
				PRODUCT_BUNDLE_IDENTIFIER = "Misha-Kushka.Bitwallet";
				PRODUCT_NAME = "$(TARGET_NAME)";
				SWIFT_VERSION = 5.0;
				TARGETED_DEVICE_FAMILY = "1,2";
			};
			name = Release;
		};
		524191B3228168A000135FA6 /* Debug */ = {
			isa = XCBuildConfiguration;
			baseConfigurationReference = 599973E67B75A09F74B554E5 /* Pods-BitwalletTests.debug.xcconfig */;
			buildSettings = {
				ALWAYS_EMBED_SWIFT_STANDARD_LIBRARIES = YES;
				BUNDLE_LOADER = "$(TEST_HOST)";
				CODE_SIGN_STYLE = Automatic;
				DEVELOPMENT_TEAM = 9P5NG74SNG;
				INFOPLIST_FILE = BitwalletTests/Info.plist;
				LD_RUNPATH_SEARCH_PATHS = (
					"$(inherited)",
					"@executable_path/Frameworks",
					"@loader_path/Frameworks",
				);
				PRODUCT_BUNDLE_IDENTIFIER = "Misha-Kushka.BitwalletTests";
				PRODUCT_NAME = "$(TARGET_NAME)";
				SWIFT_VERSION = 5.0;
				TARGETED_DEVICE_FAMILY = "1,2";
				TEST_HOST = "$(BUILT_PRODUCTS_DIR)/Bitwallet.app/Bitwallet";
			};
			name = Debug;
		};
		524191B4228168A000135FA6 /* Release */ = {
			isa = XCBuildConfiguration;
			baseConfigurationReference = 7549F6413D6B997BB9835B9E /* Pods-BitwalletTests.release.xcconfig */;
			buildSettings = {
				ALWAYS_EMBED_SWIFT_STANDARD_LIBRARIES = YES;
				BUNDLE_LOADER = "$(TEST_HOST)";
				CODE_SIGN_STYLE = Automatic;
				DEVELOPMENT_TEAM = 9P5NG74SNG;
				INFOPLIST_FILE = BitwalletTests/Info.plist;
				LD_RUNPATH_SEARCH_PATHS = (
					"$(inherited)",
					"@executable_path/Frameworks",
					"@loader_path/Frameworks",
				);
				PRODUCT_BUNDLE_IDENTIFIER = "Misha-Kushka.BitwalletTests";
				PRODUCT_NAME = "$(TARGET_NAME)";
				SWIFT_VERSION = 5.0;
				TARGETED_DEVICE_FAMILY = "1,2";
				TEST_HOST = "$(BUILT_PRODUCTS_DIR)/Bitwallet.app/Bitwallet";
			};
			name = Release;
		};
		524191B6228168A000135FA6 /* Debug */ = {
			isa = XCBuildConfiguration;
			buildSettings = {
				ALWAYS_EMBED_SWIFT_STANDARD_LIBRARIES = YES;
				CODE_SIGN_STYLE = Automatic;
				DEVELOPMENT_TEAM = 9P5NG74SNG;
				INFOPLIST_FILE = BitwalletUITests/Info.plist;
				LD_RUNPATH_SEARCH_PATHS = (
					"$(inherited)",
					"@executable_path/Frameworks",
					"@loader_path/Frameworks",
				);
				PRODUCT_BUNDLE_IDENTIFIER = "Misha-Kushka.BitwalletUITests";
				PRODUCT_NAME = "$(TARGET_NAME)";
				SWIFT_VERSION = 5.0;
				TARGETED_DEVICE_FAMILY = "1,2";
				TEST_TARGET_NAME = Bitwallet;
			};
			name = Debug;
		};
		524191B7228168A000135FA6 /* Release */ = {
			isa = XCBuildConfiguration;
			buildSettings = {
				ALWAYS_EMBED_SWIFT_STANDARD_LIBRARIES = YES;
				CODE_SIGN_STYLE = Automatic;
				DEVELOPMENT_TEAM = 9P5NG74SNG;
				INFOPLIST_FILE = BitwalletUITests/Info.plist;
				LD_RUNPATH_SEARCH_PATHS = (
					"$(inherited)",
					"@executable_path/Frameworks",
					"@loader_path/Frameworks",
				);
				PRODUCT_BUNDLE_IDENTIFIER = "Misha-Kushka.BitwalletUITests";
				PRODUCT_NAME = "$(TARGET_NAME)";
				SWIFT_VERSION = 5.0;
				TARGETED_DEVICE_FAMILY = "1,2";
				TEST_TARGET_NAME = Bitwallet;
			};
			name = Release;
		};
/* End XCBuildConfiguration section */

/* Begin XCConfigurationList section */
		524191822281689F00135FA6 /* Build configuration list for PBXProject "Bitwallet" */ = {
			isa = XCConfigurationList;
			buildConfigurations = (
				524191AD228168A000135FA6 /* Debug */,
				524191AE228168A000135FA6 /* Release */,
			);
			defaultConfigurationIsVisible = 0;
			defaultConfigurationName = Release;
		};
		524191AF228168A000135FA6 /* Build configuration list for PBXNativeTarget "Bitwallet" */ = {
			isa = XCConfigurationList;
			buildConfigurations = (
				524191B0228168A000135FA6 /* Debug */,
				524191B1228168A000135FA6 /* Release */,
			);
			defaultConfigurationIsVisible = 0;
			defaultConfigurationName = Release;
		};
		524191B2228168A000135FA6 /* Build configuration list for PBXNativeTarget "BitwalletTests" */ = {
			isa = XCConfigurationList;
			buildConfigurations = (
				524191B3228168A000135FA6 /* Debug */,
				524191B4228168A000135FA6 /* Release */,
			);
			defaultConfigurationIsVisible = 0;
			defaultConfigurationName = Release;
		};
		524191B5228168A000135FA6 /* Build configuration list for PBXNativeTarget "BitwalletUITests" */ = {
			isa = XCConfigurationList;
			buildConfigurations = (
				524191B6228168A000135FA6 /* Debug */,
				524191B7228168A000135FA6 /* Release */,
			);
			defaultConfigurationIsVisible = 0;
			defaultConfigurationName = Release;
		};
/* End XCConfigurationList section */
	};
	rootObject = 5241917F2281689F00135FA6 /* Project object */;
}
